
Microsoft Visual Studio Solution File, Format Version 11.00
# Visual Studio 2010
Project("{8BC9CEB8-8B4A-11D0-8D11-00A0C91BC942}") = "adcock_week3", "adcock_week3\adcock_week3.vcxproj", "{62480DB8-2B95-4B96-94CE-F8FC879FDBBD}"
EndProject
Global
	GlobalSection(SolutionConfigurationPlatforms) = preSolution
		Debug|Win32 = Debug|Win32
		Release|Win32 = Release|Win32
	EndGlobalSection
	GlobalSection(ProjectConfigurationPlatforms) = postSolution
		{62480DB8-2B95-4B96-94CE-F8FC879FDBBD}.Debug|Win32.ActiveCfg = Debug|Win32
		{62480DB8-2B95-4B96-94CE-F8FC879FDBBD}.Debug|Win32.Build.0 = Debug|Win32
		{62480DB8-2B95-4B96-94CE-F8FC879FDBBD}.Release|Win32.ActiveCfg = Release|Win32
		{62480DB8-2B95-4B96-94CE-F8FC879FDBBD}.Release|Win32.Build.0 = Release|Win32
	EndGlobalSection
	GlobalSection(SolutionProperties) = preSolution
		HideSolutionNode = FALSE
	EndGlobalSection
EndGlobal
